
Microsoft Visual Studio Solution File, Format Version 12.00
# Visual Studio 2015
Project("{FAE04EC0-301F-11D3-BF4B-00C04F79EFBC}") = "Test 2D Roguelike.CSharp", "Test 2D Roguelike.CSharp.csproj", "{D5C1C968-B6D0-B6C0-DAD2-3FC9D252CBFA}"
EndProject
Global
	GlobalSection(SolutionConfigurationPlatforms) = preSolution
		Debug|Any CPU = Debug|Any CPU
		Release|Any CPU = Release|Any CPU
	EndGlobalSection
	GlobalSection(ProjectConfigurationPlatforms) = postSolution
		{D5C1C968-B6D0-B6C0-DAD2-3FC9D252CBFA}.Debug|Any CPU.ActiveCfg = Debug|Any CPU
		{D5C1C968-B6D0-B6C0-DAD2-3FC9D252CBFA}.Debug|Any CPU.Build.0 = Debug|Any CPU
		{D5C1C968-B6D0-B6C0-DAD2-3FC9D252CBFA}.Release|Any CPU.ActiveCfg = Release|Any CPU
		{D5C1C968-B6D0-B6C0-DAD2-3FC9D252CBFA}.Release|Any CPU.Build.0 = Release|Any CPU
	EndGlobalSection
	GlobalSection(SolutionProperties) = preSolution
		HideSolutionNode = FALSE
	EndGlobalSection
EndGlobal
